
Microsoft Visual Studio Solution File, Format Version 12.00
# Visual Studio Version 17
VisualStudioVersion = 17.4.33213.308
MinimumVisualStudioVersion = 10.0.40219.1
Project("{FAE04EC0-301F-11D3-BF4B-00C04F79EFBC}") = "BlazorServer", "BlazorServer\BlazorServer.csproj", "{1ABB37E2-F0E6-449F-B772-FC071956E9D7}"
EndProject
Project("{FAE04EC0-301F-11D3-BF4B-00C04F79EFBC}") = "Bussiness", "Bussiness\Bussiness.csproj", "{BA610CF8-DB13-476D-A6C3-7C37681761E3}"
EndProject
Global
	GlobalSection(SolutionConfigurationPlatforms) = preSolution
		Debug|Any CPU = Debug|Any CPU
		Release|Any CPU = Release|Any CPU
	EndGlobalSection
	GlobalSection(ProjectConfigurationPlatforms) = postSolution
		{1ABB37E2-F0E6-449F-B772-FC071956E9D7}.Debug|Any CPU.ActiveCfg = Debug|Any CPU
		{1ABB37E2-F0E6-449F-B772-FC071956E9D7}.Debug|Any CPU.Build.0 = Debug|Any CPU
		{1ABB37E2-F0E6-449F-B772-FC071956E9D7}.Release|Any CPU.ActiveCfg = Release|Any CPU
		{1ABB37E2-F0E6-449F-B772-FC071956E9D7}.Release|Any CPU.Build.0 = Release|Any CPU
		{BA610CF8-DB13-476D-A6C3-7C37681761E3}.Debug|Any CPU.ActiveCfg = Debug|Any CPU
		{BA610CF8-DB13-476D-A6C3-7C37681761E3}.Debug|Any CPU.Build.0 = Debug|Any CPU
		{BA610CF8-DB13-476D-A6C3-7C37681761E3}.Release|Any CPU.ActiveCfg = Release|Any CPU
		{BA610CF8-DB13-476D-A6C3-7C37681761E3}.Release|Any CPU.Build.0 = Release|Any CPU
	EndGlobalSection
	GlobalSection(SolutionProperties) = preSolution
		HideSolutionNode = FALSE
	EndGlobalSection
	GlobalSection(ExtensibilityGlobals) = postSolution
		SolutionGuid = {8D8D4071-ABCE-4B28-B1C1-7EBAA330479B}
	EndGlobalSection
EndGlobal
